<?xml version="1.0" encoding="utf-8"?>
<Project ToolsVersion="4.0" xmlns="http://schemas.microsoft.com/developer/msbuild/2003">
  <ItemGroup>
    <ClCompile Include="Main.cpp" />
    <ClCompile Include="source\Scene\SceneGame.cpp" />
    <ClCompile Include="source\Scene\SceneManager.cpp" />
    <ClCompile Include="source\Scene\SceneResult.cpp" />
    <ClCompile Include="source\Scene\SceneTitle.cpp" />
    <ClCompile Include="source\Sound\Sound.cpp" />
    <ClCompile Include="source\Input\Input.cpp" />
    <ClCompile Include="source\Input\GamePad.cpp" />
    <ClCompile Include="source\Input\Keyboard.cpp" />
    <ClCompile Include="source\System\Screen.cpp" />
    <ClCompile Include="source\System\Game.cpp" />
    <ClCompile Include="source\System\TaskManager.cpp" />
    <ClCompile Include="source\System\DelayedTask.cpp" />
    <ClCompile Include="source\System\Task.cpp" />
    <ClCompile Include="source\System\RegularTask.cpp" />
    <ClCompile Include="source\Core\Transform.cpp" />
    <ClCompile Include="source\Core\Quaternion.cpp" />
    <ClCompile Include="source\Core\GameObject.cpp" />
    <ClCompile Include="source\Core\Tween.cpp" />
    <ClCompile Include="source\Core\Tweener.cpp" />
    <ClCompile Include="source\Resource\AnimationManager.cpp" />
    <ClCompile Include="source\Resource\AnimationContainer.cpp" />
    <ClCompile Include="source\Resource\MyAllocateHierarchy.cpp" />
    <ClCompile Include="source\Resource\ResourceManager.cpp" />
    <ClCompile Include="source\Resource\AnimationResource.cpp" />
    <ClCompile Include="source\Resource\PolygonResource.cpp" />
    <ClCompile Include="source\Resource\BoardPolygon.cpp" />
    <ClCompile Include="source\Effect\SpriteEffect.cpp" />
    <ClCompile Include="source\Effect\InstancingMeshEffect.cpp" />
    <ClCompile Include="source\Effect\RendererEffect.cpp" />
    <ClCompile Include="source\Resource\MeshContainer.cpp" />
    <ClCompile Include="source\Resource\MeshResource.cpp" />
    <ClCompile Include="source\Player\PlayerActor.cpp" />
    <ClCompile Include="source\Camera\Camera.cpp" />
    <ClCompile Include="source\System\Light.cpp" />
    <ClCompile Include="source\Player\PlayerController.cpp" />
    <ClCompile Include="source\Field\FieldController.cpp" />
    <ClCompile Include="source\Field\Ground.cpp" />
    <ClCompile Include="source\Field\GroundChip.cpp" />
  </ItemGroup>
  <ItemGroup>
    <ClInclude Include="Main.h" />
    <ClInclude Include="source\Scene\SceneGame.h" />
    <ClInclude Include="source\Scene\SceneManager.h" />
    <ClInclude Include="source\Scene\SceneResult.h" />
    <ClInclude Include="source\Scene\SceneTitle.h" />
    <ClInclude Include="source\DesignPattern\BaseState.h" />
    <ClInclude Include="source\DesignPattern\BaseSingleton.h" />
    <ClInclude Include="source\Sound\Sound.h" />
    <ClInclude Include="source\Input\Input.h" />
    <ClInclude Include="source\Input\GamePad.h" />
    <ClInclude Include="source\Input\Keyboard.h" />
    <ClInclude Include="source\System\Screen.h" />
    <ClInclude Include="source\System\Game.h" />
    <ClInclude Include="source\System\TaskManager.h" />
    <ClInclude Include="source\System\Task.h" />
    <ClInclude Include="source\System\DelayedTask.h" />
    <ClInclude Include="source\System\RegularTask.h" />
    <ClInclude Include="source\Core\Transform.h" />
    <ClInclude Include="source\Core\Quaternion.h" />
    <ClInclude Include="source\Core\MyMath.h" />
    <ClInclude Include="source\Core\GameObject.h" />
    <ClInclude Include="source\Core\Tween.h" />
    <ClInclude Include="source\Core\Easing.h" />
    <ClInclude Include="source\Core\Tweener.h" />
    <ClInclude Include="source\Resource\AnimationManager.h" />
    <ClInclude Include="source\Resource\AnimationContainer.h" />
    <ClInclude Include="source\Resource\MyAllocateHierarchy.h" />
    <ClInclude Include="source\Resource\ResourceManager.h" />
    <ClInclude Include="source\Resource\AnimationResource.h" />
    <ClInclude Include="source\Resource\PolygonResource.h" />
    <ClInclude Include="source\Resource\BoardPolygon.h" />
    <ClInclude Include="source\Effect\SpriteEffect.h" />
    <ClInclude Include="source\Effect\RendererEffect.h" />
    <ClInclude Include="source\Effect\InstancingMeshEffect.h" />
    <ClInclude Include="source\Resource\MeshContainer.h" />
    <ClInclude Include="source\Resource\MeshResource.h" />
    <ClInclude Include="source\Player\PlayerActor.h" />
    <ClInclude Include="source\Camera\Camera.h" />
    <ClInclude Include="source\System\Light.h" />
    <ClInclude Include="source\Player\PlayerController.h" />
    <ClInclude Include="source\Field\FieldController.h" />
    <ClInclude Include="source\Field\Ground.h" />
    <ClInclude Include="source\Field\GroundChip.h" />
    <ClInclude Include="source\Field\FieldPosition.h" />
  </ItemGroup>
  <ItemGroup>
    <FxCompile Include="Shader\Sprite.fx" />
  </ItemGroup>
</Project>